
Microsoft Visual Studio Solution File, Format Version 12.00
# Visual Studio 15
Project("{FAE04EC0-301F-11D3-BF4B-00C04F79EFBC}") = "Assembly-CSharp", "Assembly-CSharp.csproj", "{FFA735E9-E0C2-DA4A-7C3A-544D15893572}"
EndProject
Project("{FAE04EC0-301F-11D3-BF4B-00C04F79EFBC}") = "Assembly-CSharp-Editor", "Assembly-CSharp-Editor.csproj", "{B08B4ED4-1B12-4EE7-3DB7-A15A1166E68C}"
EndProject
Global
	GlobalSection(SolutionConfigurationPlatforms) = preSolution
		Debug|Any CPU = Debug|Any CPU
		Release|Any CPU = Release|Any CPU
	EndGlobalSection
	GlobalSection(ProjectConfigurationPlatforms) = postSolution
		{FFA735E9-E0C2-DA4A-7C3A-544D15893572}.Debug|Any CPU.ActiveCfg = Debug|Any CPU
		{FFA735E9-E0C2-DA4A-7C3A-544D15893572}.Debug|Any CPU.Build.0 = Debug|Any CPU
		{FFA735E9-E0C2-DA4A-7C3A-544D15893572}.Release|Any CPU.ActiveCfg = Release|Any CPU
		{FFA735E9-E0C2-DA4A-7C3A-544D15893572}.Release|Any CPU.Build.0 = Release|Any CPU
		{B08B4ED4-1B12-4EE7-3DB7-A15A1166E68C}.Debug|Any CPU.ActiveCfg = Debug|Any CPU
		{B08B4ED4-1B12-4EE7-3DB7-A15A1166E68C}.Debug|Any CPU.Build.0 = Debug|Any CPU
		{B08B4ED4-1B12-4EE7-3DB7-A15A1166E68C}.Release|Any CPU.ActiveCfg = Release|Any CPU
		{B08B4ED4-1B12-4EE7-3DB7-A15A1166E68C}.Release|Any CPU.Build.0 = Release|Any CPU
	EndGlobalSection
	GlobalSection(SolutionProperties) = preSolution
		HideSolutionNode = FALSE
	EndGlobalSection
EndGlobal
